{
  "name": "cocoscreator-tools",
  "version": "1.0.0",
  "lockfileVersion": 2,
  "requires": true,
  "packages": {
    "": {
      "name": "cocoscreator-tools",
      "version": "1.0.0",
      "license": "ISC",
      "dependencies": {
        "fs": "^0.0.1-security",
        "pako": "^2.0.4",
        "path": "^0.12.7",
        "xxtea-node": "^1.1.4"
      },
      "bin": {
        "cct": "bin/cct"
      },
      "devDependencies": {
        "@types/node": "^18.8.4",
        "@types/pako": "^2.0.0",
        "typescript": "^4.8.4"
      }
    },
    "node_modules/@types/node": {
      "version": "18.8.4",
      "resolved": "https://mirrors.cloud.tencent.com/npm/@types%2fnode/-/node-18.8.4.tgz",
      "integrity": "sha512-WdlVphvfR/GJCLEMbNA8lJ0lhFNBj4SW3O+O5/cEGw9oYrv0al9zTwuQsq+myDUXgNx2jgBynoVgZ2MMJ6pbow==",
      "dev": true,
      "license": "MIT"
    },
    "node_modules/@types/pako": {
      "version": "2.0.0",
      "resolved": "https://mirrors.cloud.tencent.com/npm/@types%2fpako/-/pako-2.0.0.tgz",
      "integrity": "sha512-10+iaz93qR5WYxTo+PMifD5TSxiOtdRaxBf7INGGXMQgTCu8Z/7GYWYFUOS3q/G0nE5boj1r4FEB+WSy7s5gbA==",
      "dev": true,
      "license": "MIT"
    },
    "node_modules/fs": {
      "version": "0.0.1-security",
      "resolved": "https://mirrors.cloud.tencent.com/npm/fs/-/fs-0.0.1-security.tgz",
      "integrity": "sha1-invTcYa23d84E/I4WLV+yq9eQdQ=",
      "license": "ISC"
    },
    "node_modules/inherits": {
      "version": "2.0.3",
      "resolved": "https://mirrors.cloud.tencent.com/npm/inherits/-/inherits-2.0.3.tgz",
      "integrity": "sha1-Yzwsg+PaQqUC9SRmAiSA9CCCYd4=",
      "license": "ISC"
    },
    "node_modules/pako": {
      "version": "2.0.4",
      "resolved": "https://mirrors.cloud.tencent.com/npm/pako/-/pako-2.0.4.tgz",
      "integrity": "sha512-v8tweI900AUkZN6heMU/4Uy4cXRc2AYNRggVmTR+dEncawDJgCdLMximOVA2p4qO57WMynangsfGRb5WD6L1Bg==",
      "license": "(MIT AND Zlib)"
    },
    "node_modules/path": {
      "version": "0.12.7",
      "resolved": "https://mirrors.cloud.tencent.com/npm/path/-/path-0.12.7.tgz",
      "integrity": "sha1-1NwqUGxM4hl+tIHr/NWzbAFAsQ8=",
      "license": "MIT",
      "dependencies": {
        "process": "^0.11.1",
        "util": "^0.10.3"
      }
    },
    "node_modules/process": {
      "version": "0.11.10",
      "resolved": "https://mirrors.cloud.tencent.com/npm/process/-/process-0.11.10.tgz",
      "integrity": "sha1-czIwDoQBYb2j5podHZGn1LwW8YI=",
      "license": "MIT",
      "engines": {
        "node": ">= 0.6.0"
      }
    },
    "node_modules/typescript": {
      "version": "4.8.4",
      "resolved": "https://mirrors.cloud.tencent.com/npm/typescript/-/typescript-4.8.4.tgz",
      "integrity": "sha512-QCh+85mCy+h0IGff8r5XWzOVSbBO+KfeYrMQh7NJ58QujwcE22u+NUSmUxqF+un70P9GXKxa2HCNiTTMJknyjQ==",
      "dev": true,
      "license": "Apache-2.0",
      "bin": {
        "tsc": "bin/tsc",
        "tsserver": "bin/tsserver"
      },
      "engines": {
        "node": ">=4.2.0"
      }
    },
    "node_modules/util": {
      "version": "0.10.4",
      "resolved": "https://mirrors.cloud.tencent.com/npm/util/-/util-0.10.4.tgz",
      "integrity": "sha512-0Pm9hTQ3se5ll1XihRic3FDIku70C+iHUdT/W926rSgHV5QgXsYbKZN8MSC3tJtSkhuROzvsQjAaFENRXr+19A==",
      "license": "MIT",
      "dependencies": {
        "inherits": "2.0.3"
      }
    },
    "node_modules/xxtea-node": {
      "version": "1.1.4",
      "resolved": "https://mirrors.cloud.tencent.com/npm/xxtea-node/-/xxtea-node-1.1.4.tgz",
      "integrity": "sha512-N179k/l757ifqmi/a5HhYt4HwpF+gFptsXLDeo2LNi86DCEZSPJ57sJ3zJ2z5zuaIF/dbcimAvoOrqnCGXJiBg==",
      "license": "MIT",
      "engines": {
        "node": "*"
      }
    }
  },
  "dependencies": {
    "@types/node": {
      "version": "18.8.4",
      "resolved": "https://mirrors.cloud.tencent.com/npm/@types%2fnode/-/node-18.8.4.tgz",
      "integrity": "sha512-WdlVphvfR/GJCLEMbNA8lJ0lhFNBj4SW3O+O5/cEGw9oYrv0al9zTwuQsq+myDUXgNx2jgBynoVgZ2MMJ6pbow==",
      "dev": true
    },
    "@types/pako": {
      "version": "2.0.0",
      "resolved": "https://mirrors.cloud.tencent.com/npm/@types%2fpako/-/pako-2.0.0.tgz",
      "integrity": "sha512-10+iaz93qR5WYxTo+PMifD5TSxiOtdRaxBf7INGGXMQgTCu8Z/7GYWYFUOS3q/G0nE5boj1r4FEB+WSy7s5gbA==",
      "dev": true
    },
    "fs": {
      "version": "0.0.1-security",
      "resolved": "https://mirrors.cloud.tencent.com/npm/fs/-/fs-0.0.1-security.tgz",
      "integrity": "sha1-invTcYa23d84E/I4WLV+yq9eQdQ="
    },
    "inherits": {
      "version": "2.0.3",
      "resolved": "https://mirrors.cloud.tencent.com/npm/inherits/-/inherits-2.0.3.tgz",
      "integrity": "sha1-Yzwsg+PaQqUC9SRmAiSA9CCCYd4="
    },
    "pako": {
      "version": "2.0.4",
      "resolved": "https://mirrors.cloud.tencent.com/npm/pako/-/pako-2.0.4.tgz",
      "integrity": "sha512-v8tweI900AUkZN6heMU/4Uy4cXRc2AYNRggVmTR+dEncawDJgCdLMximOVA2p4qO57WMynangsfGRb5WD6L1Bg=="
    },
    "path": {
      "version": "0.12.7",
      "resolved": "https://mirrors.cloud.tencent.com/npm/path/-/path-0.12.7.tgz",
      "integrity": "sha1-1NwqUGxM4hl+tIHr/NWzbAFAsQ8=",
      "requires": {
        "process": "^0.11.1",
        "util": "^0.10.3"
      }
    },
    "process": {
      "version": "0.11.10",
      "resolved": "https://mirrors.cloud.tencent.com/npm/process/-/process-0.11.10.tgz",
      "integrity": "sha1-czIwDoQBYb2j5podHZGn1LwW8YI="
    },
    "typescript": {
      "version": "4.8.4",
      "resolved": "https://mirrors.cloud.tencent.com/npm/typescript/-/typescript-4.8.4.tgz",
      "integrity": "sha512-QCh+85mCy+h0IGff8r5XWzOVSbBO+KfeYrMQh7NJ58QujwcE22u+NUSmUxqF+un70P9GXKxa2HCNiTTMJknyjQ==",
      "dev": true
    },
    "util": {
      "version": "0.10.4",
      "resolved": "https://mirrors.cloud.tencent.com/npm/util/-/util-0.10.4.tgz",
      "integrity": "sha512-0Pm9hTQ3se5ll1XihRic3FDIku70C+iHUdT/W926rSgHV5QgXsYbKZN8MSC3tJtSkhuROzvsQjAaFENRXr+19A==",
      "requires": {
        "inherits": "2.0.3"
      }
    },
    "xxtea-node": {
      "version": "1.1.4",
      "resolved": "https://mirrors.cloud.tencent.com/npm/xxtea-node/-/xxtea-node-1.1.4.tgz",
      "integrity": "sha512-N179k/l757ifqmi/a5HhYt4HwpF+gFptsXLDeo2LNi86DCEZSPJ57sJ3zJ2z5zuaIF/dbcimAvoOrqnCGXJiBg=="
    }
  }
}
